
Microsoft Visual Studio Solution File, Format Version 12.00
# Visual Studio Version 17
VisualStudioVersion = 17.10.35122.118
MinimumVisualStudioVersion = 10.0.40219.1
Project("{8BC9CEB8-8B4A-11D0-8D11-00A0C91BC942}") = "CPPINTRO", "CPPINTRO\CPPINTRO.vcxproj", "{DAB39091-5A36-4408-A686-4BBEA59475AF}"
EndProject
Project("{8BC9CEB8-8B4A-11D0-8D11-00A0C91BC942}") = "EXERCICELOGGER", "EXERCICELOGGER\EXERCICELOGGER.vcxproj", "{B8817562-4CD5-4135-BE2F-F813F5ADC312}"
EndProject
Project("{8BC9CEB8-8B4A-11D0-8D11-00A0C91BC942}") = "CtorConstDebug", "CtorConstDebug\CtorConstDebug.vcxproj", "{29B4C836-7125-41BF-9254-7AC83D41BBD3}"
EndProject
Project("{8BC9CEB8-8B4A-11D0-8D11-00A0C91BC942}") = "Exercice-Logger-Prof", "Exercice-Logger-Prof\Exercice-Logger-Prof.vcxproj", "{F65E7169-CF57-43B8-8D7D-BA0067462F34}"
EndProject
Project("{8BC9CEB8-8B4A-11D0-8D11-00A0C91BC942}") = "raylib", "raylib\projects\VS2022\raylib\raylib.vcxproj", "{E89D61AC-55DE-4482-AFD4-DF7242EBC859}"
EndProject
Project("{8BC9CEB8-8B4A-11D0-8D11-00A0C91BC942}") = "ExerciceDessin", "ExerciceDessin\ExerciceDessin.vcxproj", "{494FB27E-0A34-4FA3-8A10-1715127887A5}"
EndProject
Global
	GlobalSection(SolutionConfigurationPlatforms) = preSolution
		Debug.DLL|x64 = Debug.DLL|x64
		Debug.DLL|x86 = Debug.DLL|x86
		Debug|x64 = Debug|x64
		Debug|x86 = Debug|x86
		Release.DLL|x64 = Release.DLL|x64
		Release.DLL|x86 = Release.DLL|x86
		Release|x64 = Release|x64
		Release|x86 = Release|x86
	EndGlobalSection
	GlobalSection(ProjectConfigurationPlatforms) = postSolution
		{DAB39091-5A36-4408-A686-4BBEA59475AF}.Debug.DLL|x64.ActiveCfg = Debug|x64
		{DAB39091-5A36-4408-A686-4BBEA59475AF}.Debug.DLL|x64.Build.0 = Debug|x64
		{DAB39091-5A36-4408-A686-4BBEA59475AF}.Debug.DLL|x86.ActiveCfg = Debug|Win32
		{DAB39091-5A36-4408-A686-4BBEA59475AF}.Debug.DLL|x86.Build.0 = Debug|Win32
		{DAB39091-5A36-4408-A686-4BBEA59475AF}.Debug|x64.ActiveCfg = Debug|x64
		{DAB39091-5A36-4408-A686-4BBEA59475AF}.Debug|x64.Build.0 = Debug|x64
		{DAB39091-5A36-4408-A686-4BBEA59475AF}.Debug|x86.ActiveCfg = Debug|Win32
		{DAB39091-5A36-4408-A686-4BBEA59475AF}.Debug|x86.Build.0 = Debug|Win32
		{DAB39091-5A36-4408-A686-4BBEA59475AF}.Release.DLL|x64.ActiveCfg = Release|x64
		{DAB39091-5A36-4408-A686-4BBEA59475AF}.Release.DLL|x64.Build.0 = Release|x64
		{DAB39091-5A36-4408-A686-4BBEA59475AF}.Release.DLL|x86.ActiveCfg = Release|Win32
		{DAB39091-5A36-4408-A686-4BBEA59475AF}.Release.DLL|x86.Build.0 = Release|Win32
		{DAB39091-5A36-4408-A686-4BBEA59475AF}.Release|x64.ActiveCfg = Release|x64
		{DAB39091-5A36-4408-A686-4BBEA59475AF}.Release|x64.Build.0 = Release|x64
		{DAB39091-5A36-4408-A686-4BBEA59475AF}.Release|x86.ActiveCfg = Release|Win32
		{DAB39091-5A36-4408-A686-4BBEA59475AF}.Release|x86.Build.0 = Release|Win32
		{B8817562-4CD5-4135-BE2F-F813F5ADC312}.Debug.DLL|x64.ActiveCfg = Debug|x64
		{B8817562-4CD5-4135-BE2F-F813F5ADC312}.Debug.DLL|x64.Build.0 = Debug|x64
		{B8817562-4CD5-4135-BE2F-F813F5ADC312}.Debug.DLL|x86.ActiveCfg = Debug|Win32
		{B8817562-4CD5-4135-BE2F-F813F5ADC312}.Debug.DLL|x86.Build.0 = Debug|Win32
		{B8817562-4CD5-4135-BE2F-F813F5ADC312}.Debug|x64.ActiveCfg = Debug|x64
		{B8817562-4CD5-4135-BE2F-F813F5ADC312}.Debug|x64.Build.0 = Debug|x64
		{B8817562-4CD5-4135-BE2F-F813F5ADC312}.Debug|x86.ActiveCfg = Debug|Win32
		{B8817562-4CD5-4135-BE2F-F813F5ADC312}.Debug|x86.Build.0 = Debug|Win32
		{B8817562-4CD5-4135-BE2F-F813F5ADC312}.Release.DLL|x64.ActiveCfg = Release|x64
		{B8817562-4CD5-4135-BE2F-F813F5ADC312}.Release.DLL|x64.Build.0 = Release|x64
		{B8817562-4CD5-4135-BE2F-F813F5ADC312}.Release.DLL|x86.ActiveCfg = Release|Win32
		{B8817562-4CD5-4135-BE2F-F813F5ADC312}.Release.DLL|x86.Build.0 = Release|Win32
		{B8817562-4CD5-4135-BE2F-F813F5ADC312}.Release|x64.ActiveCfg = Release|x64
		{B8817562-4CD5-4135-BE2F-F813F5ADC312}.Release|x64.Build.0 = Release|x64
		{B8817562-4CD5-4135-BE2F-F813F5ADC312}.Release|x86.ActiveCfg = Release|Win32
		{B8817562-4CD5-4135-BE2F-F813F5ADC312}.Release|x86.Build.0 = Release|Win32
		{29B4C836-7125-41BF-9254-7AC83D41BBD3}.Debug.DLL|x64.ActiveCfg = Debug|x64
		{29B4C836-7125-41BF-9254-7AC83D41BBD3}.Debug.DLL|x64.Build.0 = Debug|x64
		{29B4C836-7125-41BF-9254-7AC83D41BBD3}.Debug.DLL|x86.ActiveCfg = Debug|Win32
		{29B4C836-7125-41BF-9254-7AC83D41BBD3}.Debug.DLL|x86.Build.0 = Debug|Win32
		{29B4C836-7125-41BF-9254-7AC83D41BBD3}.Debug|x64.ActiveCfg = Debug|x64
		{29B4C836-7125-41BF-9254-7AC83D41BBD3}.Debug|x64.Build.0 = Debug|x64
		{29B4C836-7125-41BF-9254-7AC83D41BBD3}.Debug|x86.ActiveCfg = Debug|Win32
		{29B4C836-7125-41BF-9254-7AC83D41BBD3}.Debug|x86.Build.0 = Debug|Win32
		{29B4C836-7125-41BF-9254-7AC83D41BBD3}.Release.DLL|x64.ActiveCfg = Release|x64
		{29B4C836-7125-41BF-9254-7AC83D41BBD3}.Release.DLL|x64.Build.0 = Release|x64
		{29B4C836-7125-41BF-9254-7AC83D41BBD3}.Release.DLL|x86.ActiveCfg = Release|Win32
		{29B4C836-7125-41BF-9254-7AC83D41BBD3}.Release.DLL|x86.Build.0 = Release|Win32
		{29B4C836-7125-41BF-9254-7AC83D41BBD3}.Release|x64.ActiveCfg = Release|x64
		{29B4C836-7125-41BF-9254-7AC83D41BBD3}.Release|x64.Build.0 = Release|x64
		{29B4C836-7125-41BF-9254-7AC83D41BBD3}.Release|x86.ActiveCfg = Release|Win32
		{29B4C836-7125-41BF-9254-7AC83D41BBD3}.Release|x86.Build.0 = Release|Win32
		{F65E7169-CF57-43B8-8D7D-BA0067462F34}.Debug.DLL|x64.ActiveCfg = Debug|x64
		{F65E7169-CF57-43B8-8D7D-BA0067462F34}.Debug.DLL|x64.Build.0 = Debug|x64
		{F65E7169-CF57-43B8-8D7D-BA0067462F34}.Debug.DLL|x86.ActiveCfg = Debug|Win32
		{F65E7169-CF57-43B8-8D7D-BA0067462F34}.Debug.DLL|x86.Build.0 = Debug|Win32
		{F65E7169-CF57-43B8-8D7D-BA0067462F34}.Debug|x64.ActiveCfg = Debug|x64
		{F65E7169-CF57-43B8-8D7D-BA0067462F34}.Debug|x64.Build.0 = Debug|x64
		{F65E7169-CF57-43B8-8D7D-BA0067462F34}.Debug|x86.ActiveCfg = Debug|Win32
		{F65E7169-CF57-43B8-8D7D-BA0067462F34}.Debug|x86.Build.0 = Debug|Win32
		{F65E7169-CF57-43B8-8D7D-BA0067462F34}.Release.DLL|x64.ActiveCfg = Release|x64
		{F65E7169-CF57-43B8-8D7D-BA0067462F34}.Release.DLL|x64.Build.0 = Release|x64
		{F65E7169-CF57-43B8-8D7D-BA0067462F34}.Release.DLL|x86.ActiveCfg = Release|Win32
		{F65E7169-CF57-43B8-8D7D-BA0067462F34}.Release.DLL|x86.Build.0 = Release|Win32
		{F65E7169-CF57-43B8-8D7D-BA0067462F34}.Release|x64.ActiveCfg = Release|x64
		{F65E7169-CF57-43B8-8D7D-BA0067462F34}.Release|x64.Build.0 = Release|x64
		{F65E7169-CF57-43B8-8D7D-BA0067462F34}.Release|x86.ActiveCfg = Release|Win32
		{F65E7169-CF57-43B8-8D7D-BA0067462F34}.Release|x86.Build.0 = Release|Win32
		{E89D61AC-55DE-4482-AFD4-DF7242EBC859}.Debug.DLL|x64.ActiveCfg = Debug.DLL|x64
		{E89D61AC-55DE-4482-AFD4-DF7242EBC859}.Debug.DLL|x64.Build.0 = Debug.DLL|x64
		{E89D61AC-55DE-4482-AFD4-DF7242EBC859}.Debug.DLL|x86.ActiveCfg = Debug.DLL|Win32
		{E89D61AC-55DE-4482-AFD4-DF7242EBC859}.Debug.DLL|x86.Build.0 = Debug.DLL|Win32
		{E89D61AC-55DE-4482-AFD4-DF7242EBC859}.Debug|x64.ActiveCfg = Debug|x64
		{E89D61AC-55DE-4482-AFD4-DF7242EBC859}.Debug|x64.Build.0 = Debug|x64
		{E89D61AC-55DE-4482-AFD4-DF7242EBC859}.Debug|x86.ActiveCfg = Debug|Win32
		{E89D61AC-55DE-4482-AFD4-DF7242EBC859}.Debug|x86.Build.0 = Debug|Win32
		{E89D61AC-55DE-4482-AFD4-DF7242EBC859}.Release.DLL|x64.ActiveCfg = Release.DLL|x64
		{E89D61AC-55DE-4482-AFD4-DF7242EBC859}.Release.DLL|x64.Build.0 = Release.DLL|x64
		{E89D61AC-55DE-4482-AFD4-DF7242EBC859}.Release.DLL|x86.ActiveCfg = Release.DLL|Win32
		{E89D61AC-55DE-4482-AFD4-DF7242EBC859}.Release.DLL|x86.Build.0 = Release.DLL|Win32
		{E89D61AC-55DE-4482-AFD4-DF7242EBC859}.Release|x64.ActiveCfg = Release|x64
		{E89D61AC-55DE-4482-AFD4-DF7242EBC859}.Release|x64.Build.0 = Release|x64
		{E89D61AC-55DE-4482-AFD4-DF7242EBC859}.Release|x86.ActiveCfg = Release|Win32
		{E89D61AC-55DE-4482-AFD4-DF7242EBC859}.Release|x86.Build.0 = Release|Win32
		{494FB27E-0A34-4FA3-8A10-1715127887A5}.Debug.DLL|x64.ActiveCfg = Debug|x64
		{494FB27E-0A34-4FA3-8A10-1715127887A5}.Debug.DLL|x64.Build.0 = Debug|x64
		{494FB27E-0A34-4FA3-8A10-1715127887A5}.Debug.DLL|x86.ActiveCfg = Debug|Win32
		{494FB27E-0A34-4FA3-8A10-1715127887A5}.Debug.DLL|x86.Build.0 = Debug|Win32
		{494FB27E-0A34-4FA3-8A10-1715127887A5}.Debug|x64.ActiveCfg = Debug|x64
		{494FB27E-0A34-4FA3-8A10-1715127887A5}.Debug|x64.Build.0 = Debug|x64
		{494FB27E-0A34-4FA3-8A10-1715127887A5}.Debug|x86.ActiveCfg = Debug|Win32
		{494FB27E-0A34-4FA3-8A10-1715127887A5}.Debug|x86.Build.0 = Debug|Win32
		{494FB27E-0A34-4FA3-8A10-1715127887A5}.Release.DLL|x64.ActiveCfg = Release|x64
		{494FB27E-0A34-4FA3-8A10-1715127887A5}.Release.DLL|x64.Build.0 = Release|x64
		{494FB27E-0A34-4FA3-8A10-1715127887A5}.Release.DLL|x86.ActiveCfg = Release|Win32
		{494FB27E-0A34-4FA3-8A10-1715127887A5}.Release.DLL|x86.Build.0 = Release|Win32
		{494FB27E-0A34-4FA3-8A10-1715127887A5}.Release|x64.ActiveCfg = Release|x64
		{494FB27E-0A34-4FA3-8A10-1715127887A5}.Release|x64.Build.0 = Release|x64
		{494FB27E-0A34-4FA3-8A10-1715127887A5}.Release|x86.ActiveCfg = Release|Win32
		{494FB27E-0A34-4FA3-8A10-1715127887A5}.Release|x86.Build.0 = Release|Win32
	EndGlobalSection
	GlobalSection(SolutionProperties) = preSolution
		HideSolutionNode = FALSE
	EndGlobalSection
	GlobalSection(ExtensibilityGlobals) = postSolution
		SolutionGuid = {A3D7EDA9-187D-46D6-B22E-0283A9CF1EA9}
	EndGlobalSection
EndGlobal
