
Microsoft Visual Studio Solution File, Format Version 12.00
# Visual Studio Version 17
VisualStudioVersion = 17.10.35122.118
MinimumVisualStudioVersion = 10.0.40219.1
Project("{8BC9CEB8-8B4A-11D0-8D11-00A0C91BC942}") = "CPPINTRO", "CPPINTRO\CPPINTRO.vcxproj", "{DAB39091-5A36-4408-A686-4BBEA59475AF}"
EndProject
Project("{8BC9CEB8-8B4A-11D0-8D11-00A0C91BC942}") = "EXERCICELOGGER", "EXERCICELOGGER\EXERCICELOGGER.vcxproj", "{B8817562-4CD5-4135-BE2F-F813F5ADC312}"
EndProject
Global
	GlobalSection(SolutionConfigurationPlatforms) = preSolution
		Debug|x64 = Debug|x64
		Debug|x86 = Debug|x86
		Release|x64 = Release|x64
		Release|x86 = Release|x86
	EndGlobalSection
	GlobalSection(ProjectConfigurationPlatforms) = postSolution
		{DAB39091-5A36-4408-A686-4BBEA59475AF}.Debug|x64.ActiveCfg = Debug|x64
		{DAB39091-5A36-4408-A686-4BBEA59475AF}.Debug|x64.Build.0 = Debug|x64
		{DAB39091-5A36-4408-A686-4BBEA59475AF}.Debug|x86.ActiveCfg = Debug|Win32
		{DAB39091-5A36-4408-A686-4BBEA59475AF}.Debug|x86.Build.0 = Debug|Win32
		{DAB39091-5A36-4408-A686-4BBEA59475AF}.Release|x64.ActiveCfg = Release|x64
		{DAB39091-5A36-4408-A686-4BBEA59475AF}.Release|x64.Build.0 = Release|x64
		{DAB39091-5A36-4408-A686-4BBEA59475AF}.Release|x86.ActiveCfg = Release|Win32
		{DAB39091-5A36-4408-A686-4BBEA59475AF}.Release|x86.Build.0 = Release|Win32
		{B8817562-4CD5-4135-BE2F-F813F5ADC312}.Debug|x64.ActiveCfg = Debug|x64
		{B8817562-4CD5-4135-BE2F-F813F5ADC312}.Debug|x64.Build.0 = Debug|x64
		{B8817562-4CD5-4135-BE2F-F813F5ADC312}.Debug|x86.ActiveCfg = Debug|Win32
		{B8817562-4CD5-4135-BE2F-F813F5ADC312}.Debug|x86.Build.0 = Debug|Win32
		{B8817562-4CD5-4135-BE2F-F813F5ADC312}.Release|x64.ActiveCfg = Release|x64
		{B8817562-4CD5-4135-BE2F-F813F5ADC312}.Release|x64.Build.0 = Release|x64
		{B8817562-4CD5-4135-BE2F-F813F5ADC312}.Release|x86.ActiveCfg = Release|Win32
		{B8817562-4CD5-4135-BE2F-F813F5ADC312}.Release|x86.Build.0 = Release|Win32
	EndGlobalSection
	GlobalSection(SolutionProperties) = preSolution
		HideSolutionNode = FALSE
	EndGlobalSection
	GlobalSection(ExtensibilityGlobals) = postSolution
		SolutionGuid = {A3D7EDA9-187D-46D6-B22E-0283A9CF1EA9}
	EndGlobalSection
EndGlobal
